<?xml version="1.0" encoding="utf-8"?>
<Project ToolsVersion="4.0" xmlns="http://schemas.microsoft.com/developer/msbuild/2003">
  <ItemGroup>
    <Filter Include="Source Files">
      <UniqueIdentifier>{4FC737F1-C7A5-4376-A066-2A32D752A2FF}</UniqueIdentifier>
      <Extensions>cpp;c;cc;cxx;def;odl;idl;hpj;bat;asm;asmx</Extensions>
    </Filter>
    <Filter Include="Header Files">
      <UniqueIdentifier>{93995380-89BD-4b04-88EB-625FBE52EBFB}</UniqueIdentifier>
      <Extensions>h;hpp;hxx;hm;inl;inc;xsd</Extensions>
    </Filter>
    <Filter Include="Resource Files">
      <UniqueIdentifier>{67DA6AB6-F800-4c08-8B7A-83BB121AAD01}</UniqueIdentifier>
      <Extensions>rc;ico;cur;bmp;dlg;rc2;rct;bin;rgs;gif;jpg;jpeg;jpe;resx;tiff;tif;png;wav;mfcribbon-ms</Extensions>
    </Filter>
    <Filter Include="Include">
      <UniqueIdentifier>{35f5d377-0eee-440f-baa4-b0deae73a6b2}</UniqueIdentifier>
    </Filter>
  </ItemGroup>
  <ItemGroup>
    <ClCompile Include="src\RapidFire.cpp">
      <Filter>Source Files</Filter>
    </ClCompile>
    <ClCompile Include="src\RFContext.cpp">
      <Filter>Source Files</Filter>
    </ClCompile>
    <ClCompile Include="src\RFEncoderIdentity.cpp">
      <Filter>Source Files</Filter>
    </ClCompile>
    <ClCompile Include="src\RFError.cpp">
      <Filter>Source Files</Filter>
    </ClCompile>
    <ClCompile Include="src\RFGLDOPPCapture.cpp">
      <Filter>Source Files</Filter>
    </ClCompile>
    <ClCompile Include="src\RFGLShader.cpp">
      <Filter>Source Files</Filter>
    </ClCompile>
    <ClCompile Include="src\RFKernelCL.cpp">
      <Filter>Source Files</Filter>
    </ClCompile>
    <ClCompile Include="src\RFSession.cpp">
      <Filter>Source Files</Filter>
    </ClCompile>
    <ClCompile Include="src\RFUtils.cpp">
      <Filter>Source Files</Filter>
    </ClCompile>
    <ClCompile Include="src\RFEncoderAMF.cpp">
      <Filter>Source Files</Filter>
    </ClCompile>
    <ClCompile Include="src\RFContextAMF.cpp">
      <Filter>Source Files</Filter>
    </ClCompile>
    <ClCompile Include="src\RFEncoderDM.cpp">
      <Filter>Source Files</Filter>
    </ClCompile>
    <ClCompile Include="src\RFEncoderSettings.cpp">
      <Filter>Source Files</Filter>
    </ClCompile>
    <ClCompile Include="src\DisplayManager.cpp">
      <Filter>Source Files</Filter>
    </ClCompile>
    <ClCompile Include="src\RFLock.cpp">
      <Filter>Source Files</Filter>
    </ClCompile>
    <ClCompile Include="src\RFMouseGrab.cpp">
      <Filter>Source Files</Filter>
    </ClCompile>
    <ClCompile Include="src\RFSessionFactory.cpp">
      <Filter>Source Files</Filter>
    </ClCompile>
    <ClCompile Include="src\RFGfxSession.cpp">
      <Filter>Source Files</Filter>
    </ClCompile>
    <ClCompile Include="src\RFDOPPSession.cpp">
      <Filter>Source Files</Filter>
    </ClCompile>
    <ClCompile Include="src\rgbimage.cpp">
      <Filter>Source Files</Filter>
    </ClCompile>
    <ClCompile Include="src\AMFWrapper.cpp">
      <Filter>Source Files</Filter>
    </ClCompile>
  </ItemGroup>
  <ItemGroup>
    <ClInclude Include="src\RFContext.h">
      <Filter>Header Files</Filter>
    </ClInclude>
    <ClInclude Include="src\RFEncoder.h">
      <Filter>Header Files</Filter>
    </ClInclude>
    <ClInclude Include="src\RFEncoderIdentity.h">
      <Filter>Header Files</Filter>
    </ClInclude>
    <ClInclude Include="src\RFError.h">
      <Filter>Header Files</Filter>
    </ClInclude>
    <ClInclude Include="src\RFGLDOPPCapture.h">
      <Filter>Header Files</Filter>
    </ClInclude>
    <ClInclude Include="src\RFGLShader.h">
      <Filter>Header Files</Filter>
    </ClInclude>
    <ClInclude Include="src\RFPlatform.h">
      <Filter>Header Files</Filter>
    </ClInclude>
    <ClInclude Include="src\RFSession.h">
      <Filter>Header Files</Filter>
    </ClInclude>
    <ClInclude Include="src\RFTypes.h">
      <Filter>Header Files</Filter>
    </ClInclude>
    <ClInclude Include="src\RFUtils.h">
      <Filter>Header Files</Filter>
    </ClInclude>
    <ClInclude Include="src\RFEncoderAMF.h">
      <Filter>Header Files</Filter>
    </ClInclude>
    <ClInclude Include="src\RFContextAMF.h">
      <Filter>Header Files</Filter>
    </ClInclude>
    <ClInclude Include="src\RFEncoderDM.h">
      <Filter>Header Files</Filter>
    </ClInclude>
    <ClInclude Include="src\RFEncoderSettings.h">
      <Filter>Header Files</Filter>
    </ClInclude>
    <ClInclude Include="src\DisplayManager.h">
      <Filter>Header Files</Filter>
    </ClInclude>
    <ClInclude Include="src\RFLock.h">
      <Filter>Header Files</Filter>
    </ClInclude>
    <ClInclude Include="src\RFMouseGrab.h">
      <Filter>Header Files</Filter>
    </ClInclude>
    <ClInclude Include="include\RFWrapper.hpp">
      <Filter>Include</Filter>
    </ClInclude>
    <ClInclude Include="res\resource.h">
      <Filter>Header Files</Filter>
    </ClInclude>
    <ClInclude Include="src\RFPropertyMap.h">
      <Filter>Header Files</Filter>
    </ClInclude>
    <ClInclude Include="src\RFGfxSession.h">
      <Filter>Header Files</Filter>
    </ClInclude>
    <ClInclude Include="src\RFDOPPSession.h">
      <Filter>Header Files</Filter>
    </ClInclude>
    <ClInclude Include="include\RapidFire.h">
      <Filter>Include</Filter>
    </ClInclude>
    <ClInclude Include="src\AMFWrapper.h">
      <Filter>Header Files</Filter>
    </ClInclude>
  </ItemGroup>
  <ItemGroup>
    <None Include="src\RapidFire.def">
      <Filter>Source Files</Filter>
    </None>
    <None Include="src\rfDiffMapKernel.cl">
      <Filter>Source Files</Filter>
    </None>
    <None Include="src\rfkernels.cl">
      <Filter>Source Files</Filter>
    </None>
  </ItemGroup>
  <ItemGroup>
    <ResourceCompile Include="res\RapidFire.rc">
      <Filter>Resource Files</Filter>
    </ResourceCompile>
  </ItemGroup>
</Project>